
Microsoft Visual Studio Solution File, Format Version 12.00
# Visual Studio Version 17
VisualStudioVersion = 17.2.32516.85
MinimumVisualStudioVersion = 10.0.40219.1
Project("{2150E333-8FDC-42A3-9474-1A3956D46DE8}") = "src", "src", "{56F572B2-6D71-48A5-9A64-E8974059CC27}"
EndProject
Project("{2150E333-8FDC-42A3-9474-1A3956D46DE8}") = "corePackages", "corePackages", "{A4A6118E-30E4-4232-B44B-DAD4227F6FDE}"
EndProject
Project("{2150E333-8FDC-42A3-9474-1A3956D46DE8}") = "projects", "projects", "{D84A652A-483B-45AE-A3C3-B110594437E1}"
EndProject
Project("{2150E333-8FDC-42A3-9474-1A3956D46DE8}") = "Kodlama.io.Devs", "Kodlama.io.Devs", "{1E3DB802-7538-4D35-B8B8-F091650B694B}"
EndProject
Project("{FAE04EC0-301F-11D3-BF4B-00C04F79EFBC}") = "Core.Application", "src\corePackages\Core.Application\Core.Application.csproj", "{A160CC90-9971-402D-86C6-204B9A65A8AF}"
EndProject
Project("{FAE04EC0-301F-11D3-BF4B-00C04F79EFBC}") = "Core.CrossCuttingConcerns", "src\corePackages\Core.CrossCuttingConcerns\Core.CrossCuttingConcerns.csproj", "{15D7A2DC-3C79-4427-933B-995C175E04AB}"
EndProject
Project("{FAE04EC0-301F-11D3-BF4B-00C04F79EFBC}") = "Core.ElasticSearch", "src\corePackages\Core.ElasticSearch\Core.ElasticSearch.csproj", "{B4BE3A61-15E4-4833-9C54-2A869CD8896D}"
EndProject
Project("{FAE04EC0-301F-11D3-BF4B-00C04F79EFBC}") = "Core.Mailing", "src\corePackages\Core.Mailing\Core.Mailing.csproj", "{7CBF3453-67F6-4C0E-93F4-394480793C16}"
EndProject
Project("{FAE04EC0-301F-11D3-BF4B-00C04F79EFBC}") = "Core.Persistence", "src\corePackages\Core.Persistence\Core.Persistence.csproj", "{1F69EEE8-1E8D-42C8-83DC-EA7245A15342}"
EndProject
Project("{FAE04EC0-301F-11D3-BF4B-00C04F79EFBC}") = "Core.Security", "src\corePackages\Core.Security\Core.Security.csproj", "{11B32EE3-FC4D-4875-8664-11E74C396CA2}"
EndProject
Project("{FAE04EC0-301F-11D3-BF4B-00C04F79EFBC}") = "Application", "src\projects\Kodlama.io.Devs\Application\Application.csproj", "{C9002333-6CAB-485D-96EF-BC78A667F5CA}"
EndProject
Project("{FAE04EC0-301F-11D3-BF4B-00C04F79EFBC}") = "Domain", "src\projects\Kodlama.io.Devs\Domain\Domain.csproj", "{9890FC58-65E7-40A9-94C5-B8EBFFF70EB9}"
EndProject
Project("{FAE04EC0-301F-11D3-BF4B-00C04F79EFBC}") = "Infrastructure", "src\projects\Kodlama.io.Devs\Infrastructure\Infrastructure.csproj", "{8B38619D-F113-4399-96A6-D0738CCB40D4}"
EndProject
Project("{FAE04EC0-301F-11D3-BF4B-00C04F79EFBC}") = "Persistence", "src\projects\Kodlama.io.Devs\Persistence\Persistence.csproj", "{AC67AE46-FBBC-4262-BFC3-968C2824645D}"
EndProject
Project("{FAE04EC0-301F-11D3-BF4B-00C04F79EFBC}") = "WebAPI", "src\projects\Kodlama.io.Devs\WebAPI\WebAPI.csproj", "{4180FE88-9BBA-4BA2-968D-A28191A13534}"
EndProject
Global
	GlobalSection(SolutionConfigurationPlatforms) = preSolution
		Debug|Any CPU = Debug|Any CPU
		Release|Any CPU = Release|Any CPU
	EndGlobalSection
	GlobalSection(ProjectConfigurationPlatforms) = postSolution
		{A160CC90-9971-402D-86C6-204B9A65A8AF}.Debug|Any CPU.ActiveCfg = Debug|Any CPU
		{A160CC90-9971-402D-86C6-204B9A65A8AF}.Debug|Any CPU.Build.0 = Debug|Any CPU
		{A160CC90-9971-402D-86C6-204B9A65A8AF}.Release|Any CPU.ActiveCfg = Release|Any CPU
		{A160CC90-9971-402D-86C6-204B9A65A8AF}.Release|Any CPU.Build.0 = Release|Any CPU
		{15D7A2DC-3C79-4427-933B-995C175E04AB}.Debug|Any CPU.ActiveCfg = Debug|Any CPU
		{15D7A2DC-3C79-4427-933B-995C175E04AB}.Debug|Any CPU.Build.0 = Debug|Any CPU
		{15D7A2DC-3C79-4427-933B-995C175E04AB}.Release|Any CPU.ActiveCfg = Release|Any CPU
		{15D7A2DC-3C79-4427-933B-995C175E04AB}.Release|Any CPU.Build.0 = Release|Any CPU
		{B4BE3A61-15E4-4833-9C54-2A869CD8896D}.Debug|Any CPU.ActiveCfg = Debug|Any CPU
		{B4BE3A61-15E4-4833-9C54-2A869CD8896D}.Debug|Any CPU.Build.0 = Debug|Any CPU
		{B4BE3A61-15E4-4833-9C54-2A869CD8896D}.Release|Any CPU.ActiveCfg = Release|Any CPU
		{B4BE3A61-15E4-4833-9C54-2A869CD8896D}.Release|Any CPU.Build.0 = Release|Any CPU
		{7CBF3453-67F6-4C0E-93F4-394480793C16}.Debug|Any CPU.ActiveCfg = Debug|Any CPU
		{7CBF3453-67F6-4C0E-93F4-394480793C16}.Debug|Any CPU.Build.0 = Debug|Any CPU
		{7CBF3453-67F6-4C0E-93F4-394480793C16}.Release|Any CPU.ActiveCfg = Release|Any CPU
		{7CBF3453-67F6-4C0E-93F4-394480793C16}.Release|Any CPU.Build.0 = Release|Any CPU
		{1F69EEE8-1E8D-42C8-83DC-EA7245A15342}.Debug|Any CPU.ActiveCfg = Debug|Any CPU
		{1F69EEE8-1E8D-42C8-83DC-EA7245A15342}.Debug|Any CPU.Build.0 = Debug|Any CPU
		{1F69EEE8-1E8D-42C8-83DC-EA7245A15342}.Release|Any CPU.ActiveCfg = Release|Any CPU
		{1F69EEE8-1E8D-42C8-83DC-EA7245A15342}.Release|Any CPU.Build.0 = Release|Any CPU
		{11B32EE3-FC4D-4875-8664-11E74C396CA2}.Debug|Any CPU.ActiveCfg = Debug|Any CPU
		{11B32EE3-FC4D-4875-8664-11E74C396CA2}.Debug|Any CPU.Build.0 = Debug|Any CPU
		{11B32EE3-FC4D-4875-8664-11E74C396CA2}.Release|Any CPU.ActiveCfg = Release|Any CPU
		{11B32EE3-FC4D-4875-8664-11E74C396CA2}.Release|Any CPU.Build.0 = Release|Any CPU
		{C9002333-6CAB-485D-96EF-BC78A667F5CA}.Debug|Any CPU.ActiveCfg = Debug|Any CPU
		{C9002333-6CAB-485D-96EF-BC78A667F5CA}.Debug|Any CPU.Build.0 = Debug|Any CPU
		{C9002333-6CAB-485D-96EF-BC78A667F5CA}.Release|Any CPU.ActiveCfg = Release|Any CPU
		{C9002333-6CAB-485D-96EF-BC78A667F5CA}.Release|Any CPU.Build.0 = Release|Any CPU
		{9890FC58-65E7-40A9-94C5-B8EBFFF70EB9}.Debug|Any CPU.ActiveCfg = Debug|Any CPU
		{9890FC58-65E7-40A9-94C5-B8EBFFF70EB9}.Debug|Any CPU.Build.0 = Debug|Any CPU
		{9890FC58-65E7-40A9-94C5-B8EBFFF70EB9}.Release|Any CPU.ActiveCfg = Release|Any CPU
		{9890FC58-65E7-40A9-94C5-B8EBFFF70EB9}.Release|Any CPU.Build.0 = Release|Any CPU
		{8B38619D-F113-4399-96A6-D0738CCB40D4}.Debug|Any CPU.ActiveCfg = Debug|Any CPU
		{8B38619D-F113-4399-96A6-D0738CCB40D4}.Debug|Any CPU.Build.0 = Debug|Any CPU
		{8B38619D-F113-4399-96A6-D0738CCB40D4}.Release|Any CPU.ActiveCfg = Release|Any CPU
		{8B38619D-F113-4399-96A6-D0738CCB40D4}.Release|Any CPU.Build.0 = Release|Any CPU
		{AC67AE46-FBBC-4262-BFC3-968C2824645D}.Debug|Any CPU.ActiveCfg = Debug|Any CPU
		{AC67AE46-FBBC-4262-BFC3-968C2824645D}.Debug|Any CPU.Build.0 = Debug|Any CPU
		{AC67AE46-FBBC-4262-BFC3-968C2824645D}.Release|Any CPU.ActiveCfg = Release|Any CPU
		{AC67AE46-FBBC-4262-BFC3-968C2824645D}.Release|Any CPU.Build.0 = Release|Any CPU
		{4180FE88-9BBA-4BA2-968D-A28191A13534}.Debug|Any CPU.ActiveCfg = Debug|Any CPU
		{4180FE88-9BBA-4BA2-968D-A28191A13534}.Debug|Any CPU.Build.0 = Debug|Any CPU
		{4180FE88-9BBA-4BA2-968D-A28191A13534}.Release|Any CPU.ActiveCfg = Release|Any CPU
		{4180FE88-9BBA-4BA2-968D-A28191A13534}.Release|Any CPU.Build.0 = Release|Any CPU
	EndGlobalSection
	GlobalSection(SolutionProperties) = preSolution
		HideSolutionNode = FALSE
	EndGlobalSection
	GlobalSection(NestedProjects) = preSolution
		{A4A6118E-30E4-4232-B44B-DAD4227F6FDE} = {56F572B2-6D71-48A5-9A64-E8974059CC27}
		{D84A652A-483B-45AE-A3C3-B110594437E1} = {56F572B2-6D71-48A5-9A64-E8974059CC27}
		{1E3DB802-7538-4D35-B8B8-F091650B694B} = {D84A652A-483B-45AE-A3C3-B110594437E1}
		{A160CC90-9971-402D-86C6-204B9A65A8AF} = {A4A6118E-30E4-4232-B44B-DAD4227F6FDE}
		{15D7A2DC-3C79-4427-933B-995C175E04AB} = {A4A6118E-30E4-4232-B44B-DAD4227F6FDE}
		{B4BE3A61-15E4-4833-9C54-2A869CD8896D} = {A4A6118E-30E4-4232-B44B-DAD4227F6FDE}
		{7CBF3453-67F6-4C0E-93F4-394480793C16} = {A4A6118E-30E4-4232-B44B-DAD4227F6FDE}
		{1F69EEE8-1E8D-42C8-83DC-EA7245A15342} = {A4A6118E-30E4-4232-B44B-DAD4227F6FDE}
		{11B32EE3-FC4D-4875-8664-11E74C396CA2} = {A4A6118E-30E4-4232-B44B-DAD4227F6FDE}
		{C9002333-6CAB-485D-96EF-BC78A667F5CA} = {1E3DB802-7538-4D35-B8B8-F091650B694B}
		{9890FC58-65E7-40A9-94C5-B8EBFFF70EB9} = {1E3DB802-7538-4D35-B8B8-F091650B694B}
		{8B38619D-F113-4399-96A6-D0738CCB40D4} = {1E3DB802-7538-4D35-B8B8-F091650B694B}
		{AC67AE46-FBBC-4262-BFC3-968C2824645D} = {1E3DB802-7538-4D35-B8B8-F091650B694B}
		{4180FE88-9BBA-4BA2-968D-A28191A13534} = {1E3DB802-7538-4D35-B8B8-F091650B694B}
	EndGlobalSection
	GlobalSection(ExtensibilityGlobals) = postSolution
		SolutionGuid = {2C29AA0E-AE18-42BE-87DE-07C180D62FEF}
	EndGlobalSection
EndGlobal
